
Microsoft Visual Studio Solution File, Format Version 12.00
# Visual Studio Version 16
VisualStudioVersion = 16.0.31005.135
MinimumVisualStudioVersion = 10.0.40219.1
Project("{FAE04EC0-301F-11D3-BF4B-00C04F79EFBC}") = "Sloths", "Sloths.csproj", "{C0E4CB63-56A5-4E4C-A37D-59E31FA5876B}"
EndProject
Global
	GlobalSection(SolutionConfigurationPlatforms) = preSolution
		Debug|Any CPU = Debug|Any CPU
		Release|Any CPU = Release|Any CPU
	EndGlobalSection
	GlobalSection(ProjectConfigurationPlatforms) = postSolution
		{C0E4CB63-56A5-4E4C-A37D-59E31FA5876B}.Debug|Any CPU.ActiveCfg = Debug|Any CPU
		{C0E4CB63-56A5-4E4C-A37D-59E31FA5876B}.Debug|Any CPU.Build.0 = Debug|Any CPU
		{C0E4CB63-56A5-4E4C-A37D-59E31FA5876B}.Release|Any CPU.ActiveCfg = Release|Any CPU
		{C0E4CB63-56A5-4E4C-A37D-59E31FA5876B}.Release|Any CPU.Build.0 = Release|Any CPU
	EndGlobalSection
	GlobalSection(SolutionProperties) = preSolution
		HideSolutionNode = FALSE
	EndGlobalSection
	GlobalSection(ExtensibilityGlobals) = postSolution
		SolutionGuid = {151B3B4D-A8B9-4DA9-85A0-1198D0AFE85E}
	EndGlobalSection
EndGlobal
